
Microsoft Visual Studio Solution File, Format Version 12.00
Project("{FAE04EC0-301F-11D3-BF4B-00C04F79EFBC}") = "AlphabetUpdateHub", "AlphabetUpdateHub\AlphabetUpdateHub.csproj", "{94A4F7E4-3FE7-420D-865D-345EDFBF9ECB}"
EndProject
Project("{FAE04EC0-301F-11D3-BF4B-00C04F79EFBC}") = "AlphabetUpdate.Common", "AlphabetUpdate.Common\AlphabetUpdate.Common.csproj", "{B64047E1-65BA-44F0-B9BA-D8C441D73DC6}"
EndProject
Project("{FAE04EC0-301F-11D3-BF4B-00C04F79EFBC}") = "AlphabetUpdate.Client", "AlphabetUpdate.Client\AlphabetUpdate.Client.csproj", "{85CA9472-EB66-4236-BF00-8C96FA4BDE57}"
EndProject
Project("{FAE04EC0-301F-11D3-BF4B-00C04F79EFBC}") = "AuthYouClient", "AuthYouClient\AuthYouClient.csproj", "{7AE48E72-329D-44D2-8779-33CE86357A4C}"
EndProject
Project("{FAE04EC0-301F-11D3-BF4B-00C04F79EFBC}") = "AlphabetTest", "AlphabetTest\AlphabetTest.csproj", "{87A2D43A-EE54-467A-9BF3-0A86052D7C42}"
EndProject
Global
	GlobalSection(SolutionConfigurationPlatforms) = preSolution
		Debug|Any CPU = Debug|Any CPU
		Release|Any CPU = Release|Any CPU
	EndGlobalSection
	GlobalSection(ProjectConfigurationPlatforms) = postSolution
		{94A4F7E4-3FE7-420D-865D-345EDFBF9ECB}.Debug|Any CPU.ActiveCfg = Debug|Any CPU
		{94A4F7E4-3FE7-420D-865D-345EDFBF9ECB}.Debug|Any CPU.Build.0 = Debug|Any CPU
		{94A4F7E4-3FE7-420D-865D-345EDFBF9ECB}.Release|Any CPU.ActiveCfg = Release|Any CPU
		{94A4F7E4-3FE7-420D-865D-345EDFBF9ECB}.Release|Any CPU.Build.0 = Release|Any CPU
		{B64047E1-65BA-44F0-B9BA-D8C441D73DC6}.Debug|Any CPU.ActiveCfg = Debug|Any CPU
		{B64047E1-65BA-44F0-B9BA-D8C441D73DC6}.Debug|Any CPU.Build.0 = Debug|Any CPU
		{B64047E1-65BA-44F0-B9BA-D8C441D73DC6}.Release|Any CPU.ActiveCfg = Release|Any CPU
		{B64047E1-65BA-44F0-B9BA-D8C441D73DC6}.Release|Any CPU.Build.0 = Release|Any CPU
		{85CA9472-EB66-4236-BF00-8C96FA4BDE57}.Debug|Any CPU.ActiveCfg = Debug|Any CPU
		{85CA9472-EB66-4236-BF00-8C96FA4BDE57}.Debug|Any CPU.Build.0 = Debug|Any CPU
		{85CA9472-EB66-4236-BF00-8C96FA4BDE57}.Release|Any CPU.ActiveCfg = Release|Any CPU
		{85CA9472-EB66-4236-BF00-8C96FA4BDE57}.Release|Any CPU.Build.0 = Release|Any CPU
		{7AE48E72-329D-44D2-8779-33CE86357A4C}.Debug|Any CPU.ActiveCfg = Debug|Any CPU
		{7AE48E72-329D-44D2-8779-33CE86357A4C}.Debug|Any CPU.Build.0 = Debug|Any CPU
		{7AE48E72-329D-44D2-8779-33CE86357A4C}.Release|Any CPU.ActiveCfg = Release|Any CPU
		{7AE48E72-329D-44D2-8779-33CE86357A4C}.Release|Any CPU.Build.0 = Release|Any CPU
		{87A2D43A-EE54-467A-9BF3-0A86052D7C42}.Debug|Any CPU.ActiveCfg = Debug|Any CPU
		{87A2D43A-EE54-467A-9BF3-0A86052D7C42}.Debug|Any CPU.Build.0 = Debug|Any CPU
		{87A2D43A-EE54-467A-9BF3-0A86052D7C42}.Release|Any CPU.ActiveCfg = Release|Any CPU
		{87A2D43A-EE54-467A-9BF3-0A86052D7C42}.Release|Any CPU.Build.0 = Release|Any CPU
	EndGlobalSection
EndGlobal
